
Microsoft Visual Studio Solution File, Format Version 12.00
# Visual Studio Version 16
VisualStudioVersion = 16.0.29613.14
MinimumVisualStudioVersion = 10.0.40219.1
Project("{FAE04EC0-301F-11D3-BF4B-00C04F79EFBC}") = "SPAGeekQuiz", "SPAGeekQuiz.csproj", "{59F24EF2-1B01-41C1-B648-B27D53568170}"
EndProject
Global
	GlobalSection(SolutionConfigurationPlatforms) = preSolution
		Debug|Any CPU = Debug|Any CPU
		Release|Any CPU = Release|Any CPU
	EndGlobalSection
	GlobalSection(ProjectConfigurationPlatforms) = postSolution
		{59F24EF2-1B01-41C1-B648-B27D53568170}.Debug|Any CPU.ActiveCfg = Debug|Any CPU
		{59F24EF2-1B01-41C1-B648-B27D53568170}.Debug|Any CPU.Build.0 = Debug|Any CPU
		{59F24EF2-1B01-41C1-B648-B27D53568170}.Release|Any CPU.ActiveCfg = Release|Any CPU
		{59F24EF2-1B01-41C1-B648-B27D53568170}.Release|Any CPU.Build.0 = Release|Any CPU
	EndGlobalSection
	GlobalSection(SolutionProperties) = preSolution
		HideSolutionNode = FALSE
	EndGlobalSection
	GlobalSection(ExtensibilityGlobals) = postSolution
		SolutionGuid = {FDF68171-848F-4618-84E4-7C7F8E5F26DE}
	EndGlobalSection
EndGlobal
